
Microsoft Visual Studio Solution File, Format Version 12.00
# Visual Studio 2012
Project("{FAE04EC0-301F-11D3-BF4B-00C04F79EFBC}") = "ExercicioInicialAlterarBd_03_15052024", "ExercicioInicialAlterarBd_03_15052024\ExercicioInicialAlterarBd_03_15052024.csproj", "{D71E287E-DEC5-4237-B597-A9D2378C851B}"
EndProject
Global
	GlobalSection(SolutionConfigurationPlatforms) = preSolution
		Debug|Any CPU = Debug|Any CPU
		Release|Any CPU = Release|Any CPU
	EndGlobalSection
	GlobalSection(ProjectConfigurationPlatforms) = postSolution
		{D71E287E-DEC5-4237-B597-A9D2378C851B}.Debug|Any CPU.ActiveCfg = Debug|Any CPU
		{D71E287E-DEC5-4237-B597-A9D2378C851B}.Debug|Any CPU.Build.0 = Debug|Any CPU
		{D71E287E-DEC5-4237-B597-A9D2378C851B}.Release|Any CPU.ActiveCfg = Release|Any CPU
		{D71E287E-DEC5-4237-B597-A9D2378C851B}.Release|Any CPU.Build.0 = Release|Any CPU
	EndGlobalSection
	GlobalSection(SolutionProperties) = preSolution
		HideSolutionNode = FALSE
	EndGlobalSection
EndGlobal
